<?xml version="1.0" encoding="utf-8"?>
<Project ToolsVersion="4.0" xmlns="http://schemas.microsoft.com/developer/msbuild/2003">
  <ItemGroup>
    <ClInclude Include="hooking.h" />
    <ClInclude Include="hooking_internal.h" />
    <ClInclude Include="nmd_ldisasm.h" />
  </ItemGroup>
  <ItemGroup>
    <ClCompile Include="alloc.cpp" />
    <ClCompile Include="hooking.cpp" />
  </ItemGroup>
</Project>